
Microsoft Visual Studio Solution File, Format Version 12.00
# Visual Studio 15
VisualStudioVersion = 15.0.28010.2016
MinimumVisualStudioVersion = 10.0.40219.1
Project("{9A19103F-16F7-4668-BE54-9A1E7A4F7556}") = "WebAPI", "WebAPI\WebAPI.csproj", "{662D1529-0C02-4218-8325-50CF1E4C143D}"
EndProject
Project("{9A19103F-16F7-4668-BE54-9A1E7A4F7556}") = "DAL", "DAL\DAL\DAL.csproj", "{DA0B0A89-862B-4D46-BD8D-14D17CB6B879}"
EndProject
Project("{9A19103F-16F7-4668-BE54-9A1E7A4F7556}") = "BLL", "BLL\BLL.csproj", "{31E9EEB4-89F7-457D-B7C2-5B0673710FD9}"
EndProject
Project("{9A19103F-16F7-4668-BE54-9A1E7A4F7556}") = "Cross-Cutting", "Cross-Cutting\Cross-Cutting.csproj", "{2D4E8945-3429-430A-8EB6-FBC38A57043D}"
EndProject
Project("{9A19103F-16F7-4668-BE54-9A1E7A4F7556}") = "Bootstrap", "Bootstrap\Bootstrap.csproj", "{6687E230-0E90-4F5A-82C0-B79DBAE14B48}"
EndProject
Project("{9A19103F-16F7-4668-BE54-9A1E7A4F7556}") = "Models", "Models\Models.csproj", "{9DAE8ADC-B7E6-4705-BE4F-68FD37F68671}"
EndProject
Project("{2150E333-8FDC-42A3-9474-1A3956D46DE8}") = "src", "src", "{7BAC6C1F-005C-4124-97D2-8A83EC48D047}"
EndProject
Project("{2150E333-8FDC-42A3-9474-1A3956D46DE8}") = "tests", "tests", "{6F2F38F8-F51F-4C0B-8CF9-0A2FEA554EC7}"
EndProject
Project("{9A19103F-16F7-4668-BE54-9A1E7A4F7556}") = "BLLTest", "BLLTest\BLLTest.csproj", "{9B5525FD-0501-4FEB-8621-55212A3BE288}"
EndProject
Project("{FAE04EC0-301F-11D3-BF4B-00C04F79EFBC}") = "WebAPITest", "WebAPITest\WebAPITest.csproj", "{EDC828FD-95BB-4F12-9522-DFB52A35C46C}"
EndProject
Global
	GlobalSection(SolutionConfigurationPlatforms) = preSolution
		Debug|Any CPU = Debug|Any CPU
		Release|Any CPU = Release|Any CPU
	EndGlobalSection
	GlobalSection(ProjectConfigurationPlatforms) = postSolution
		{662D1529-0C02-4218-8325-50CF1E4C143D}.Debug|Any CPU.ActiveCfg = Debug|Any CPU
		{662D1529-0C02-4218-8325-50CF1E4C143D}.Debug|Any CPU.Build.0 = Debug|Any CPU
		{662D1529-0C02-4218-8325-50CF1E4C143D}.Release|Any CPU.ActiveCfg = Debug|Any CPU
		{662D1529-0C02-4218-8325-50CF1E4C143D}.Release|Any CPU.Build.0 = Debug|Any CPU
		{DA0B0A89-862B-4D46-BD8D-14D17CB6B879}.Debug|Any CPU.ActiveCfg = Debug|Any CPU
		{DA0B0A89-862B-4D46-BD8D-14D17CB6B879}.Debug|Any CPU.Build.0 = Debug|Any CPU
		{DA0B0A89-862B-4D46-BD8D-14D17CB6B879}.Release|Any CPU.ActiveCfg = Debug|Any CPU
		{DA0B0A89-862B-4D46-BD8D-14D17CB6B879}.Release|Any CPU.Build.0 = Debug|Any CPU
		{31E9EEB4-89F7-457D-B7C2-5B0673710FD9}.Debug|Any CPU.ActiveCfg = Debug|Any CPU
		{31E9EEB4-89F7-457D-B7C2-5B0673710FD9}.Debug|Any CPU.Build.0 = Debug|Any CPU
		{31E9EEB4-89F7-457D-B7C2-5B0673710FD9}.Release|Any CPU.ActiveCfg = Debug|Any CPU
		{31E9EEB4-89F7-457D-B7C2-5B0673710FD9}.Release|Any CPU.Build.0 = Debug|Any CPU
		{2D4E8945-3429-430A-8EB6-FBC38A57043D}.Debug|Any CPU.ActiveCfg = Debug|Any CPU
		{2D4E8945-3429-430A-8EB6-FBC38A57043D}.Debug|Any CPU.Build.0 = Debug|Any CPU
		{2D4E8945-3429-430A-8EB6-FBC38A57043D}.Release|Any CPU.ActiveCfg = Debug|Any CPU
		{2D4E8945-3429-430A-8EB6-FBC38A57043D}.Release|Any CPU.Build.0 = Debug|Any CPU
		{6687E230-0E90-4F5A-82C0-B79DBAE14B48}.Debug|Any CPU.ActiveCfg = Debug|Any CPU
		{6687E230-0E90-4F5A-82C0-B79DBAE14B48}.Debug|Any CPU.Build.0 = Debug|Any CPU
		{6687E230-0E90-4F5A-82C0-B79DBAE14B48}.Release|Any CPU.ActiveCfg = Debug|Any CPU
		{6687E230-0E90-4F5A-82C0-B79DBAE14B48}.Release|Any CPU.Build.0 = Debug|Any CPU
		{9DAE8ADC-B7E6-4705-BE4F-68FD37F68671}.Debug|Any CPU.ActiveCfg = Debug|Any CPU
		{9DAE8ADC-B7E6-4705-BE4F-68FD37F68671}.Debug|Any CPU.Build.0 = Debug|Any CPU
		{9DAE8ADC-B7E6-4705-BE4F-68FD37F68671}.Release|Any CPU.ActiveCfg = Debug|Any CPU
		{9DAE8ADC-B7E6-4705-BE4F-68FD37F68671}.Release|Any CPU.Build.0 = Debug|Any CPU
		{9B5525FD-0501-4FEB-8621-55212A3BE288}.Debug|Any CPU.ActiveCfg = Debug|Any CPU
		{9B5525FD-0501-4FEB-8621-55212A3BE288}.Debug|Any CPU.Build.0 = Debug|Any CPU
		{9B5525FD-0501-4FEB-8621-55212A3BE288}.Release|Any CPU.ActiveCfg = Release|Any CPU
		{9B5525FD-0501-4FEB-8621-55212A3BE288}.Release|Any CPU.Build.0 = Release|Any CPU
		{EDC828FD-95BB-4F12-9522-DFB52A35C46C}.Debug|Any CPU.ActiveCfg = Debug|Any CPU
		{EDC828FD-95BB-4F12-9522-DFB52A35C46C}.Debug|Any CPU.Build.0 = Debug|Any CPU
		{EDC828FD-95BB-4F12-9522-DFB52A35C46C}.Release|Any CPU.ActiveCfg = Release|Any CPU
		{EDC828FD-95BB-4F12-9522-DFB52A35C46C}.Release|Any CPU.Build.0 = Release|Any CPU
	EndGlobalSection
	GlobalSection(SolutionProperties) = preSolution
		HideSolutionNode = FALSE
	EndGlobalSection
	GlobalSection(NestedProjects) = preSolution
		{662D1529-0C02-4218-8325-50CF1E4C143D} = {7BAC6C1F-005C-4124-97D2-8A83EC48D047}
		{DA0B0A89-862B-4D46-BD8D-14D17CB6B879} = {7BAC6C1F-005C-4124-97D2-8A83EC48D047}
		{31E9EEB4-89F7-457D-B7C2-5B0673710FD9} = {7BAC6C1F-005C-4124-97D2-8A83EC48D047}
		{2D4E8945-3429-430A-8EB6-FBC38A57043D} = {7BAC6C1F-005C-4124-97D2-8A83EC48D047}
		{6687E230-0E90-4F5A-82C0-B79DBAE14B48} = {7BAC6C1F-005C-4124-97D2-8A83EC48D047}
		{9DAE8ADC-B7E6-4705-BE4F-68FD37F68671} = {7BAC6C1F-005C-4124-97D2-8A83EC48D047}
		{9B5525FD-0501-4FEB-8621-55212A3BE288} = {6F2F38F8-F51F-4C0B-8CF9-0A2FEA554EC7}
		{EDC828FD-95BB-4F12-9522-DFB52A35C46C} = {6F2F38F8-F51F-4C0B-8CF9-0A2FEA554EC7}
	EndGlobalSection
	GlobalSection(ExtensibilityGlobals) = postSolution
		SolutionGuid = {C13C1DD7-B5A5-47E8-BAC8-7D73CB73C67C}
	EndGlobalSection
EndGlobal
